
Microsoft Visual Studio Solution File, Format Version 12.00
# Visual Studio Version 16
VisualStudioVersion = 16.0.30104.148
MinimumVisualStudioVersion = 10.0.40219.1
Project("{FAE04EC0-301F-11D3-BF4B-00C04F79EFBC}") = "BarboekMVC", "BarboekMVC\BarboekMVC.csproj", "{F2A09046-0C26-4227-9982-9B189AADDD39}"
EndProject
Global
	GlobalSection(SolutionConfigurationPlatforms) = preSolution
		Debug|Any CPU = Debug|Any CPU
		Release|Any CPU = Release|Any CPU
	EndGlobalSection
	GlobalSection(ProjectConfigurationPlatforms) = postSolution
		{F2A09046-0C26-4227-9982-9B189AADDD39}.Debug|Any CPU.ActiveCfg = Debug|Any CPU
		{F2A09046-0C26-4227-9982-9B189AADDD39}.Debug|Any CPU.Build.0 = Debug|Any CPU
		{F2A09046-0C26-4227-9982-9B189AADDD39}.Release|Any CPU.ActiveCfg = Release|Any CPU
		{F2A09046-0C26-4227-9982-9B189AADDD39}.Release|Any CPU.Build.0 = Release|Any CPU
	EndGlobalSection
	GlobalSection(SolutionProperties) = preSolution
		HideSolutionNode = FALSE
	EndGlobalSection
	GlobalSection(ExtensibilityGlobals) = postSolution
		SolutionGuid = {BA5D7626-67AF-4C3D-A6B1-BA875C34D1D4}
	EndGlobalSection
EndGlobal
