
Microsoft Visual Studio Solution File, Format Version 12.00
# Visual Studio Version 16
VisualStudioVersion = 16.0.29613.14
MinimumVisualStudioVersion = 10.0.40219.1
Project("{FAE04EC0-301F-11D3-BF4B-00C04F79EFBC}") = "BarBoekRegistratie", "BarBoekRegistratie\BarBoekRegistratie.csproj", "{73D1F8F7-59BA-4BC7-B585-99F52163372E}"
EndProject
Global
	GlobalSection(SolutionConfigurationPlatforms) = preSolution
		Debug|Any CPU = Debug|Any CPU
		Release|Any CPU = Release|Any CPU
	EndGlobalSection
	GlobalSection(ProjectConfigurationPlatforms) = postSolution
		{73D1F8F7-59BA-4BC7-B585-99F52163372E}.Debug|Any CPU.ActiveCfg = Debug|Any CPU
		{73D1F8F7-59BA-4BC7-B585-99F52163372E}.Debug|Any CPU.Build.0 = Debug|Any CPU
		{73D1F8F7-59BA-4BC7-B585-99F52163372E}.Release|Any CPU.ActiveCfg = Release|Any CPU
		{73D1F8F7-59BA-4BC7-B585-99F52163372E}.Release|Any CPU.Build.0 = Release|Any CPU
	EndGlobalSection
	GlobalSection(SolutionProperties) = preSolution
		HideSolutionNode = FALSE
	EndGlobalSection
	GlobalSection(ExtensibilityGlobals) = postSolution
		SolutionGuid = {A6B0175B-6BF5-43B5-8306-7F6CAEBC8428}
	EndGlobalSection
EndGlobal
